set_location_assignment PIN_23 -to clk_50
set_location_assignment PIN_43 -to disp_segments[1]
set_location_assignment PIN_44 -to disp_segments[2]
set_location_assignment PIN_46 -to disp_segments[3]
set_location_assignment PIN_49 -to disp_segments[4]
set_location_assignment PIN_52 -to disp_segments[5]
set_location_assignment PIN_50 -to disp_segments[6]
set_location_assignment PIN_51 -to disp_segments[7]
set_location_assignment PIN_53 -to disp_segments[8]
set_location_assignment PIN_54 -to disp_segments[9]
set_location_assignment PIN_55 -to disp_segments[10]
set_location_assignment PIN_58 -to disp_segments[11]
set_location_assignment PIN_59 -to disp_segments[12]
set_location_assignment PIN_60 -to disp_segments[13]
set_location_assignment PIN_75 -to disp_segments[14]
set_location_assignment PIN_65 -to disp_segments[15]
set_location_assignment PIN_66 -to disp_segments[16]
set_location_assignment PIN_67 -to disp_segments[17]
set_location_assignment PIN_68 -to disp_segments[18]
set_location_assignment PIN_69 -to disp_segments[19]
set_location_assignment PIN_70 -to disp_segments[20]
set_location_assignment PIN_71 -to disp_segments[21]
set_location_assignment PIN_72 -to disp_segments[22]
set_location_assignment PIN_73 -to disp_segments[23]
set_location_assignment PIN_74 -to disp_segments[24]
set_location_assignment PIN_76 -to U5_PA[0]
set_location_assignment PIN_77 -to U5_PA[1]
set_location_assignment PIN_80 -to U5_PA[2]
set_location_assignment PIN_83 -to U5_PA[3]
set_location_assignment PIN_86 -to U6_PB[2]
set_location_assignment PIN_87 -to U6_PB[1]
set_location_assignment PIN_98 -to U6_PB[3]
set_location_assignment PIN_99 -to U6_PB[4]
set_location_assignment PIN_100 -to U6_PB[5]
set_location_assignment PIN_101 -to U6_PB[6]
set_location_assignment PIN_103 -to U6_PB[7]
set_location_assignment PIN_84 -to U6_PA[3]
set_location_assignment PIN_105 -to U6_PA[1]
set_location_assignment PIN_106 -to U6_PA[2]
set_location_assignment PIN_85 -to U6_PA[0]
set_location_assignment PIN_111 -to U6_PA[6]
set_location_assignment PIN_143 -to U4_PA[7]
set_location_assignment PIN_138 -to U4_PA[6]
set_location_assignment PIN_141 -to U4_PA[5]
set_location_assignment PIN_136 -to U4_PA[4]
set_location_assignment PIN_137 -to U4_PA[3]
set_location_assignment PIN_133 -to U4_PA[2]
set_location_assignment PIN_135 -to U4_PA[1]
set_location_assignment PIN_129 -to U4_PA[0]
set_location_assignment PIN_119 -to U4_PB[0]
set_location_assignment PIN_124 -to U4_PB[1]
set_location_assignment PIN_121 -to U4_PB[2]
set_location_assignment PIN_126 -to U4_PB[3]
set_location_assignment PIN_125 -to U4_PB[4]
set_location_assignment PIN_128 -to U4_PB[5]
set_location_assignment PIN_127 -to U4_PB[6]
set_location_assignment PIN_132 -to U4_PB[7]
set_location_assignment PIN_39 -to CLK
set_location_assignment PIN_38 -to CS_EEprom
set_location_assignment PIN_31 -to CS_SDcard
set_location_assignment PIN_10 -to LED_Int
set_location_assignment PIN_3 -to LED_SDcard
set_location_assignment PIN_34 -to MISO
set_location_assignment PIN_42 -to MOSI
set_location_assignment PIN_91 -to U5_PA_7
set_location_assignment PIN_120 -to U5_PB_7
set_location_assignment PIN_114 -to U6_PA[7]
set_location_assignment PIN_115 -to U6_PA[5]
set_location_assignment PIN_113 -to U6_PA[4]
set_location_assignment PIN_112 -to U6_PB[0]
set_location_assignment PIN_144 -to reset_sw
set_instance_assignment -name WEAK_PULL_UP_RESISTOR ON -to reset_sw
set_location_assignment PIN_24 -to DIP_Return[0]
set_location_assignment PIN_22 -to DIP_Return[2]
set_location_assignment PIN_25 -to DIP_Return[1]
set_location_assignment PIN_88 -to DIP_Return[3]
set_location_assignment PIN_142 -to DIP_Strobe[0]
set_location_assignment PIN_28 -to DIP_Strobe[1]
set_location_assignment PIN_90 -to myTest
set_location_assignment PIN_1 -to LED_ON
set_location_assignment PIN_33 -to DIP_Strobe[2]
set_location_assignment PIN_32 -to DIP_Strobe[3]
set_location_assignment PIN_7 -to Audio_RX
set_location_assignment PIN_2 -to Sound
set_location_assignment PIN_11 -to Debug